
Microsoft Visual Studio Solution File, Format Version 12.00
# Visual Studio Version 17
VisualStudioVersion = 17.0.32002.185
MinimumVisualStudioVersion = 10.0.40219.1
Project("{FAE04EC0-301F-11D3-BF4B-00C04F79EFBC}") = "GeneratorId", "GeneratorId\GeneratorId.csproj", "{F42B6AFE-7D72-47E2-A879-5DA335823C22}"
EndProject
Global
	GlobalSection(SolutionConfigurationPlatforms) = preSolution
		Debug|Any CPU = Debug|Any CPU
		Release|Any CPU = Release|Any CPU
	EndGlobalSection
	GlobalSection(ProjectConfigurationPlatforms) = postSolution
		{F42B6AFE-7D72-47E2-A879-5DA335823C22}.Debug|Any CPU.ActiveCfg = Debug|Any CPU
		{F42B6AFE-7D72-47E2-A879-5DA335823C22}.Debug|Any CPU.Build.0 = Debug|Any CPU
		{F42B6AFE-7D72-47E2-A879-5DA335823C22}.Release|Any CPU.ActiveCfg = Release|Any CPU
		{F42B6AFE-7D72-47E2-A879-5DA335823C22}.Release|Any CPU.Build.0 = Release|Any CPU
	EndGlobalSection
	GlobalSection(SolutionProperties) = preSolution
		HideSolutionNode = FALSE
	EndGlobalSection
	GlobalSection(ExtensibilityGlobals) = postSolution
		SolutionGuid = {93BE432E-5CF5-4E97-B5C0-5B49A22A09B3}
	EndGlobalSection
EndGlobal
